schema: '2.0'
stages:
  data_ingestion:
    cmd: python src/data_ingestion.py
    deps:
    - path: src/data_ingestion.py
      hash: md5
      md5: 64c9a8cf34037b73cc7562bceb3dfac8
      size: 1114
    outs:
    - path: data/raw/test.csv
      hash: md5
      md5: 35b06980c6e00772e6bf783ae10ab9b7
      size: 164174
    - path: data/raw/train.csv
      hash: md5
      md5: a2aa88dfae8af3dc60e6e24a09304f4e
      size: 663799
  data_preprocessing:
    cmd: python src/data_preprocessing.py
    deps:
    - path: data/raw/test.csv
      hash: md5
      md5: 35b06980c6e00772e6bf783ae10ab9b7
      size: 164174
    - path: data/raw/train.csv
      hash: md5
      md5: a2aa88dfae8af3dc60e6e24a09304f4e
      size: 663799
    - path: src/data_preprocessing.py
      hash: md5
      md5: eccb4f8739ac762b8d73cd9565718760
      size: 3153
    outs:
    - path: data/processed/test.csv
      hash: md5
      md5: 870497ce96052cddf73c1a13036432ef
      size: 112656
    - path: data/processed/train.csv
      hash: md5
      md5: 637f3709b44460480d998aff20ae7a5e
      size: 453554
  build_features:
    cmd: python src/features/build_features.py
    deps:
    - path: data/processed/test.csv
      hash: md5
      md5: 870497ce96052cddf73c1a13036432ef
      size: 112656
    - path: data/processed/train.csv
      hash: md5
      md5: 637f3709b44460480d998aff20ae7a5e
      size: 453554
    - path: src/features/build_features.py
      hash: md5
      md5: dbe67b04be8730bcf78fd57f9e9d2176
      size: 1399
    outs:
    - path: data/features/X_test.pkl
      hash: md5
      md5: 0411bada36e82199c6446aeadfe8a57b
      size: 169917
    - path: data/features/X_train.pkl
      hash: md5
      md5: 67edc99efebe0c44dd2f06513cd964b0
      size: 725343
    - path: data/features/vectorizer.pkl
      hash: md5
      md5: 00dd3614bd32f4bad959753e75ea6c5d
      size: 180198
    - path: data/interim/train_bow.csv
      hash: md5
      md5: 775744a2a823e537a3724e25c4babb34
      size: 166859513
  model_training:
    cmd: python modelling/modelling.py
    deps:
    - path: data/interim/train_bow.csv
      hash: md5
      md5: 775744a2a823e537a3724e25c4babb34
      size: 166859513
    - path: modelling/modelling.py
      hash: md5
      md5: 07a1d9c4eebe4c2cb262efe739e90514
      size: 428
    outs:
    - path: models/random_forest_model.pkl
      hash: md5
      md5: dd220c9c66964caace3a21a11827ca4c
      size: 45261473
  model_evaluation:
    cmd: python modelling/model_evaluation.py
    deps:
    - path: data/interim/test_bow.csv
      hash: md5
      md5: f04cf2ecf8dafb9e91627c3cb2a3b676
      size: 41707270
    - path: modelling/model_evaluation.py
      hash: md5
      md5: bd5896784711bf6aaee4116457348725
      size: 1025
    - path: models/random_forest_model.pkl
      hash: md5
      md5: dd220c9c66964caace3a21a11827ca4c
      size: 45261473
    outs:
    - path: reports/metrics.json
      hash: md5
      md5: d977e72e4c773111e0289c670152c73c
      size: 148
